
Microsoft Visual Studio Solution File, Format Version 12.00
# Visual Studio Version 17
VisualStudioVersion = 17.14.36301.6
MinimumVisualStudioVersion = 10.0.40219.1
Project("{FAE04EC0-301F-11D3-BF4B-00C04F79EFBC}") = "FullscreenCardArtView", "FullscreenCardArtView\FullscreenCardArtView.csproj", "{FC32AF56-C17D-99D1-5516-CA4C7E930A60}"
EndProject
Global
	GlobalSection(SolutionConfigurationPlatforms) = preSolution
		Debug|Any CPU = Debug|Any CPU
		Release|Any CPU = Release|Any CPU
	EndGlobalSection
	GlobalSection(ProjectConfigurationPlatforms) = postSolution
		{FC32AF56-C17D-99D1-5516-CA4C7E930A60}.Debug|Any CPU.ActiveCfg = Debug|Any CPU
		{FC32AF56-C17D-99D1-5516-CA4C7E930A60}.Debug|Any CPU.Build.0 = Debug|Any CPU
		{FC32AF56-C17D-99D1-5516-CA4C7E930A60}.Release|Any CPU.ActiveCfg = Release|Any CPU
		{FC32AF56-C17D-99D1-5516-CA4C7E930A60}.Release|Any CPU.Build.0 = Release|Any CPU
	EndGlobalSection
	GlobalSection(SolutionProperties) = preSolution
		HideSolutionNode = FALSE
	EndGlobalSection
	GlobalSection(ExtensibilityGlobals) = postSolution
		SolutionGuid = {0D39D8D4-C0D7-49C6-8C4C-48948ABAB363}
	EndGlobalSection
EndGlobal
